
Microsoft Visual Studio Solution File, Format Version 12.00
# Visual Studio Version 17
VisualStudioVersion = 17.5.33516.290
MinimumVisualStudioVersion = 10.0.40219.1
Project("{FAE04EC0-301F-11D3-BF4B-00C04F79EFBC}") = "u21575755_HW03", "u21575755_HW03.csproj", "{707E5EAD-FE05-471C-B42E-36246AC4E080}"
EndProject
Global
	GlobalSection(SolutionConfigurationPlatforms) = preSolution
		Debug|Any CPU = Debug|Any CPU
		Release|Any CPU = Release|Any CPU
	EndGlobalSection
	GlobalSection(ProjectConfigurationPlatforms) = postSolution
		{707E5EAD-FE05-471C-B42E-36246AC4E080}.Debug|Any CPU.ActiveCfg = Debug|Any CPU
		{707E5EAD-FE05-471C-B42E-36246AC4E080}.Debug|Any CPU.Build.0 = Debug|Any CPU
		{707E5EAD-FE05-471C-B42E-36246AC4E080}.Release|Any CPU.ActiveCfg = Release|Any CPU
		{707E5EAD-FE05-471C-B42E-36246AC4E080}.Release|Any CPU.Build.0 = Release|Any CPU
	EndGlobalSection
	GlobalSection(SolutionProperties) = preSolution
		HideSolutionNode = FALSE
	EndGlobalSection
	GlobalSection(ExtensibilityGlobals) = postSolution
		SolutionGuid = {D7CD91E3-420C-4BBA-8548-80FF9F0C1613}
	EndGlobalSection
EndGlobal
